// !$*UTF8*$!
{
	archiveVersion = 1;
	classes = {
	};
	objectVersion = 56;
	objects = {

/* Begin PBXBuildFile section */
		E7DBD78629251AE8007316F6 /* PagineBiancheReworkApp.swift in Sources */ = {isa = PBXBuildFile; fileRef = E7DBD78529251AE8007316F6 /* PagineBiancheReworkApp.swift */; };
		E7DBD78B29251AE8007316F6 /* PagineBiancheRework.xcdatamodeld in Sources */ = {isa = PBXBuildFile; fileRef = E7DBD78929251AE8007316F6 /* PagineBiancheRework.xcdatamodeld */; };
		E7DBD78D29251AE8007316F6 /* ContentView.swift in Sources */ = {isa = PBXBuildFile; fileRef = E7DBD78C29251AE8007316F6 /* ContentView.swift */; };
		E7DBD78F29251AE9007316F6 /* Assets.xcassets in Resources */ = {isa = PBXBuildFile; fileRef = E7DBD78E29251AE9007316F6 /* Assets.xcassets */; };
		E7DBD79329251AE9007316F6 /* Preview Assets.xcassets in Resources */ = {isa = PBXBuildFile; fileRef = E7DBD79229251AE9007316F6 /* Preview Assets.xcassets */; };
		E7DBD79D29251AE9007316F6 /* PagineBiancheReworkTests.swift in Sources */ = {isa = PBXBuildFile; fileRef = E7DBD79C29251AE9007316F6 /* PagineBiancheReworkTests.swift */; };
		E7DBD7A729251AE9007316F6 /* PagineBiancheReworkUITests.swift in Sources */ = {isa = PBXBuildFile; fileRef = E7DBD7A629251AE9007316F6 /* PagineBiancheReworkUITests.swift */; };
		E7DBD7A929251AE9007316F6 /* PagineBiancheReworkUITestsLaunchTests.swift in Sources */ = {isa = PBXBuildFile; fileRef = E7DBD7A829251AE9007316F6 /* PagineBiancheReworkUITestsLaunchTests.swift */; };
		E7DBD7B629251F55007316F6 /* SearchView.swift in Sources */ = {isa = PBXBuildFile; fileRef = E7DBD7B529251F55007316F6 /* SearchView.swift */; };
		E7DBD7B9292523D9007316F6 /* SearchModal.swift in Sources */ = {isa = PBXBuildFile; fileRef = E7DBD7B8292523D9007316F6 /* SearchModal.swift */; };
		E7DBD7BC29254935007316F6 /* SpecialResearchMainView.swift in Sources */ = {isa = PBXBuildFile; fileRef = E7DBD7BB29254935007316F6 /* SpecialResearchMainView.swift */; };
/* End PBXBuildFile section */

/* Begin PBXContainerItemProxy section */
		E7DBD79929251AE9007316F6 /* PBXContainerItemProxy */ = {
			isa = PBXContainerItemProxy;
			containerPortal = E7DBD77A29251AE8007316F6 /* Project object */;
			proxyType = 1;
			remoteGlobalIDString = E7DBD78129251AE8007316F6;
			remoteInfo = PagineBiancheRework;
		};
		E7DBD7A329251AE9007316F6 /* PBXContainerItemProxy */ = {
			isa = PBXContainerItemProxy;
			containerPortal = E7DBD77A29251AE8007316F6 /* Project object */;
			proxyType = 1;
			remoteGlobalIDString = E7DBD78129251AE8007316F6;
			remoteInfo = PagineBiancheRework;
		};
/* End PBXContainerItemProxy section */

/* Begin PBXFileReference section */
		E7DBD78229251AE8007316F6 /* PagineBiancheRework.app */ = {isa = PBXFileReference; explicitFileType = wrapper.application; includeInIndex = 0; path = PagineBiancheRework.app; sourceTree = BUILT_PRODUCTS_DIR; };
		E7DBD78529251AE8007316F6 /* PagineBiancheReworkApp.swift */ = {isa = PBXFileReference; lastKnownFileType = sourcecode.swift; path = PagineBiancheReworkApp.swift; sourceTree = "<group>"; };
		E7DBD78A29251AE8007316F6 /* PagineBiancheRework.xcdatamodel */ = {isa = PBXFileReference; lastKnownFileType = wrapper.xcdatamodel; path = PagineBiancheRework.xcdatamodel; sourceTree = "<group>"; };
		E7DBD78C29251AE8007316F6 /* ContentView.swift */ = {isa = PBXFileReference; lastKnownFileType = sourcecode.swift; path = ContentView.swift; sourceTree = "<group>"; };
		E7DBD78E29251AE9007316F6 /* Assets.xcassets */ = {isa = PBXFileReference; lastKnownFileType = folder.assetcatalog; path = Assets.xcassets; sourceTree = "<group>"; };
		E7DBD79029251AE9007316F6 /* PagineBiancheRework.entitlements */ = {isa = PBXFileReference; lastKnownFileType = text.plist.entitlements; path = PagineBiancheRework.entitlements; sourceTree = "<group>"; };
		E7DBD79229251AE9007316F6 /* Preview Assets.xcassets */ = {isa = PBXFileReference; lastKnownFileType = folder.assetcatalog; path = "Preview Assets.xcassets"; sourceTree = "<group>"; };
		E7DBD79829251AE9007316F6 /* PagineBiancheReworkTests.xctest */ = {isa = PBXFileReference; explicitFileType = wrapper.cfbundle; includeInIndex = 0; path = PagineBiancheReworkTests.xctest; sourceTree = BUILT_PRODUCTS_DIR; };
		E7DBD79C29251AE9007316F6 /* PagineBiancheReworkTests.swift */ = {isa = PBXFileReference; lastKnownFileType = sourcecode.swift; path = PagineBiancheReworkTests.swift; sourceTree = "<group>"; };
		E7DBD7A229251AE9007316F6 /* PagineBiancheReworkUITests.xctest */ = {isa = PBXFileReference; explicitFileType = wrapper.cfbundle; includeInIndex = 0; path = PagineBiancheReworkUITests.xctest; sourceTree = BUILT_PRODUCTS_DIR; };
		E7DBD7A629251AE9007316F6 /* PagineBiancheReworkUITests.swift */ = {isa = PBXFileReference; lastKnownFileType = sourcecode.swift; path = PagineBiancheReworkUITests.swift; sourceTree = "<group>"; };
		E7DBD7A829251AE9007316F6 /* PagineBiancheReworkUITestsLaunchTests.swift */ = {isa = PBXFileReference; lastKnownFileType = sourcecode.swift; path = PagineBiancheReworkUITestsLaunchTests.swift; sourceTree = "<group>"; };
		E7DBD7B529251F55007316F6 /* SearchView.swift */ = {isa = PBXFileReference; lastKnownFileType = sourcecode.swift; path = SearchView.swift; sourceTree = "<group>"; };
		E7DBD7B8292523D9007316F6 /* SearchModal.swift */ = {isa = PBXFileReference; lastKnownFileType = sourcecode.swift; path = SearchModal.swift; sourceTree = "<group>"; };
		E7DBD7BB29254935007316F6 /* SpecialResearchMainView.swift */ = {isa = PBXFileReference; lastKnownFileType = sourcecode.swift; path = SpecialResearchMainView.swift; sourceTree = "<group>"; };
/* End PBXFileReference section */

/* Begin PBXFrameworksBuildPhase section */
		E7DBD77F29251AE8007316F6 /* Frameworks */ = {
			isa = PBXFrameworksBuildPhase;
			buildActionMask = 2147483647;
			files = (
			);
			runOnlyForDeploymentPostprocessing = 0;
		};
		E7DBD79529251AE9007316F6 /* Frameworks */ = {
			isa = PBXFrameworksBuildPhase;
			buildActionMask = 2147483647;
			files = (
			);
			runOnlyForDeploymentPostprocessing = 0;
		};
		E7DBD79F29251AE9007316F6 /* Frameworks */ = {
			isa = PBXFrameworksBuildPhase;
			buildActionMask = 2147483647;
			files = (
			);
			runOnlyForDeploymentPostprocessing = 0;
		};
/* End PBXFrameworksBuildPhase section */

/* Begin PBXGroup section */
		E7DBD77929251AE8007316F6 = {
			isa = PBXGroup;
			children = (
				E7DBD78429251AE8007316F6 /* PagineBiancheRework */,
				E7DBD79B29251AE9007316F6 /* PagineBiancheReworkTests */,
				E7DBD7A529251AE9007316F6 /* PagineBiancheReworkUITests */,
				E7DBD78329251AE8007316F6 /* Products */,
			);
			sourceTree = "<group>";
		};
		E7DBD78329251AE8007316F6 /* Products */ = {
			isa = PBXGroup;
			children = (
				E7DBD78229251AE8007316F6 /* PagineBiancheRework.app */,
				E7DBD79829251AE9007316F6 /* PagineBiancheReworkTests.xctest */,
				E7DBD7A229251AE9007316F6 /* PagineBiancheReworkUITests.xctest */,
			);
			name = Products;
			sourceTree = "<group>";
		};
		E7DBD78429251AE8007316F6 /* PagineBiancheRework */ = {
			isa = PBXGroup;
			children = (
				E7DBD7BA2925491B007316F6 /* SpecialResearch */,
				E7DBD78529251AE8007316F6 /* PagineBiancheReworkApp.swift */,
				E7DBD78C29251AE8007316F6 /* ContentView.swift */,
				E7DBD78E29251AE9007316F6 /* Assets.xcassets */,
				E7DBD79029251AE9007316F6 /* PagineBiancheRework.entitlements */,
				E7DBD78929251AE8007316F6 /* PagineBiancheRework.xcdatamodeld */,
				E7DBD79129251AE9007316F6 /* Preview Content */,
				E7DBD7B7292523B7007316F6 /* Search */,
			);
			path = PagineBiancheRework;
			sourceTree = "<group>";
		};
		E7DBD79129251AE9007316F6 /* Preview Content */ = {
			isa = PBXGroup;
			children = (
				E7DBD79229251AE9007316F6 /* Preview Assets.xcassets */,
			);
			path = "Preview Content";
			sourceTree = "<group>";
		};
		E7DBD79B29251AE9007316F6 /* PagineBiancheReworkTests */ = {
			isa = PBXGroup;
			children = (
				E7DBD79C29251AE9007316F6 /* PagineBiancheReworkTests.swift */,
			);
			path = PagineBiancheReworkTests;
			sourceTree = "<group>";
		};
		E7DBD7A529251AE9007316F6 /* PagineBiancheReworkUITests */ = {
			isa = PBXGroup;
			children = (
				E7DBD7A629251AE9007316F6 /* PagineBiancheReworkUITests.swift */,
				E7DBD7A829251AE9007316F6 /* PagineBiancheReworkUITestsLaunchTests.swift */,
			);
			path = PagineBiancheReworkUITests;
			sourceTree = "<group>";
		};
		E7DBD7B7292523B7007316F6 /* Search */ = {
			isa = PBXGroup;
			children = (
				E7DBD7B529251F55007316F6 /* SearchView.swift */,
				E7DBD7B8292523D9007316F6 /* SearchModal.swift */,
			);
			path = Search;
			sourceTree = "<group>";
		};
		E7DBD7BA2925491B007316F6 /* SpecialResearch */ = {
			isa = PBXGroup;
			children = (
				E7DBD7BB29254935007316F6 /* SpecialResearchMainView.swift */,
			);
			path = SpecialResearch;
			sourceTree = "<group>";
		};
/* End PBXGroup section */

/* Begin PBXNativeTarget section */
		E7DBD78129251AE8007316F6 /* PagineBiancheRework */ = {
			isa = PBXNativeTarget;
			buildConfigurationList = E7DBD7AC29251AE9007316F6 /* Build configuration list for PBXNativeTarget "PagineBiancheRework" */;
			buildPhases = (
				E7DBD77E29251AE8007316F6 /* Sources */,
				E7DBD77F29251AE8007316F6 /* Frameworks */,
				E7DBD78029251AE8007316F6 /* Resources */,
			);
			buildRules = (
			);
			dependencies = (
			);
			name = PagineBiancheRework;
			productName = PagineBiancheRework;
			productReference = E7DBD78229251AE8007316F6 /* PagineBiancheRework.app */;
			productType = "com.apple.product-type.application";
		};
		E7DBD79729251AE9007316F6 /* PagineBiancheReworkTests */ = {
			isa = PBXNativeTarget;
			buildConfigurationList = E7DBD7AF29251AE9007316F6 /* Build configuration list for PBXNativeTarget "PagineBiancheReworkTests" */;
			buildPhases = (
				E7DBD79429251AE9007316F6 /* Sources */,
				E7DBD79529251AE9007316F6 /* Frameworks */,
				E7DBD79629251AE9007316F6 /* Resources */,
			);
			buildRules = (
			);
			dependencies = (
				E7DBD79A29251AE9007316F6 /* PBXTargetDependency */,
			);
			name = PagineBiancheReworkTests;
			productName = PagineBiancheReworkTests;
			productReference = E7DBD79829251AE9007316F6 /* PagineBiancheReworkTests.xctest */;
			productType = "com.apple.product-type.bundle.unit-test";
		};
		E7DBD7A129251AE9007316F6 /* PagineBiancheReworkUITests */ = {
			isa = PBXNativeTarget;
			buildConfigurationList = E7DBD7B229251AE9007316F6 /* Build configuration list for PBXNativeTarget "PagineBiancheReworkUITests" */;
			buildPhases = (
				E7DBD79E29251AE9007316F6 /* Sources */,
				E7DBD79F29251AE9007316F6 /* Frameworks */,
				E7DBD7A029251AE9007316F6 /* Resources */,
			);
			buildRules = (
			);
			dependencies = (
				E7DBD7A429251AE9007316F6 /* PBXTargetDependency */,
			);
			name = PagineBiancheReworkUITests;
			productName = PagineBiancheReworkUITests;
			productReference = E7DBD7A229251AE9007316F6 /* PagineBiancheReworkUITests.xctest */;
			productType = "com.apple.product-type.bundle.ui-testing";
		};
/* End PBXNativeTarget section */

/* Begin PBXProject section */
		E7DBD77A29251AE8007316F6 /* Project object */ = {
			isa = PBXProject;
			attributes = {
				BuildIndependentTargetsInParallel = 1;
				LastSwiftUpdateCheck = 1400;
				LastUpgradeCheck = 1400;
				TargetAttributes = {
					E7DBD78129251AE8007316F6 = {
						CreatedOnToolsVersion = 14.0;
					};
					E7DBD79729251AE9007316F6 = {
						CreatedOnToolsVersion = 14.0;
						TestTargetID = E7DBD78129251AE8007316F6;
					};
					E7DBD7A129251AE9007316F6 = {
						CreatedOnToolsVersion = 14.0;
						TestTargetID = E7DBD78129251AE8007316F6;
					};
				};
			};
			buildConfigurationList = E7DBD77D29251AE8007316F6 /* Build configuration list for PBXProject "PagineBiancheRework" */;
			compatibilityVersion = "Xcode 14.0";
			developmentRegion = en;
			hasScannedForEncodings = 0;
			knownRegions = (
				en,
				Base,
			);
			mainGroup = E7DBD77929251AE8007316F6;
			productRefGroup = E7DBD78329251AE8007316F6 /* Products */;
			projectDirPath = "";
			projectRoot = "";
			targets = (
				E7DBD78129251AE8007316F6 /* PagineBiancheRework */,
				E7DBD79729251AE9007316F6 /* PagineBiancheReworkTests */,
				E7DBD7A129251AE9007316F6 /* PagineBiancheReworkUITests */,
			);
		};
/* End PBXProject section */

/* Begin PBXResourcesBuildPhase section */
		E7DBD78029251AE8007316F6 /* Resources */ = {
			isa = PBXResourcesBuildPhase;
			buildActionMask = 2147483647;
			files = (
				E7DBD79329251AE9007316F6 /* Preview Assets.xcassets in Resources */,
				E7DBD78F29251AE9007316F6 /* Assets.xcassets in Resources */,
			);
			runOnlyForDeploymentPostprocessing = 0;
		};
		E7DBD79629251AE9007316F6 /* Resources */ = {
			isa = PBXResourcesBuildPhase;
			buildActionMask = 2147483647;
			files = (
			);
			runOnlyForDeploymentPostprocessing = 0;
		};
		E7DBD7A029251AE9007316F6 /* Resources */ = {
			isa = PBXResourcesBuildPhase;
			buildActionMask = 2147483647;
			files = (
			);
			runOnlyForDeploymentPostprocessing = 0;
		};
/* End PBXResourcesBuildPhase section */

/* Begin PBXSourcesBuildPhase section */
		E7DBD77E29251AE8007316F6 /* Sources */ = {
			isa = PBXSourcesBuildPhase;
			buildActionMask = 2147483647;
			files = (
				E7DBD7B9292523D9007316F6 /* SearchModal.swift in Sources */,
				E7DBD7BC29254935007316F6 /* SpecialResearchMainView.swift in Sources */,
				E7DBD7B629251F55007316F6 /* SearchView.swift in Sources */,
				E7DBD78B29251AE8007316F6 /* PagineBiancheRework.xcdatamodeld in Sources */,
				E7DBD78629251AE8007316F6 /* PagineBiancheReworkApp.swift in Sources */,
				E7DBD78D29251AE8007316F6 /* ContentView.swift in Sources */,
			);
			runOnlyForDeploymentPostprocessing = 0;
		};
		E7DBD79429251AE9007316F6 /* Sources */ = {
			isa = PBXSourcesBuildPhase;
			buildActionMask = 2147483647;
			files = (
				E7DBD79D29251AE9007316F6 /* PagineBiancheReworkTests.swift in Sources */,
			);
			runOnlyForDeploymentPostprocessing = 0;
		};
		E7DBD79E29251AE9007316F6 /* Sources */ = {
			isa = PBXSourcesBuildPhase;
			buildActionMask = 2147483647;
			files = (
				E7DBD7A729251AE9007316F6 /* PagineBiancheReworkUITests.swift in Sources */,
				E7DBD7A929251AE9007316F6 /* PagineBiancheReworkUITestsLaunchTests.swift in Sources */,
			);
			runOnlyForDeploymentPostprocessing = 0;
		};
/* End PBXSourcesBuildPhase section */

/* Begin PBXTargetDependency section */
		E7DBD79A29251AE9007316F6 /* PBXTargetDependency */ = {
			isa = PBXTargetDependency;
			target = E7DBD78129251AE8007316F6 /* PagineBiancheRework */;
			targetProxy = E7DBD79929251AE9007316F6 /* PBXContainerItemProxy */;
		};
		E7DBD7A429251AE9007316F6 /* PBXTargetDependency */ = {
			isa = PBXTargetDependency;
			target = E7DBD78129251AE8007316F6 /* PagineBiancheRework */;
			targetProxy = E7DBD7A329251AE9007316F6 /* PBXContainerItemProxy */;
		};
/* End PBXTargetDependency section */

/* Begin XCBuildConfiguration section */
		E7DBD7AA29251AE9007316F6 /* Debug */ = {
			isa = XCBuildConfiguration;
			buildSettings = {
				ALWAYS_SEARCH_USER_PATHS = NO;
				CLANG_ANALYZER_NONNULL = YES;
				CLANG_ANALYZER_NUMBER_OBJECT_CONVERSION = YES_AGGRESSIVE;
				CLANG_CXX_LANGUAGE_STANDARD = "gnu++20";
				CLANG_ENABLE_MODULES = YES;
				CLANG_ENABLE_OBJC_ARC = YES;
				CLANG_ENABLE_OBJC_WEAK = YES;
				CLANG_WARN_BLOCK_CAPTURE_AUTORELEASING = YES;
				CLANG_WARN_BOOL_CONVERSION = YES;
				CLANG_WARN_COMMA = YES;
				CLANG_WARN_CONSTANT_CONVERSION = YES;
				CLANG_WARN_DEPRECATED_OBJC_IMPLEMENTATIONS = YES;
				CLANG_WARN_DIRECT_OBJC_ISA_USAGE = YES_ERROR;
				CLANG_WARN_DOCUMENTATION_COMMENTS = YES;
				CLANG_WARN_EMPTY_BODY = YES;
				CLANG_WARN_ENUM_CONVERSION = YES;
				CLANG_WARN_INFINITE_RECURSION = YES;
				CLANG_WARN_INT_CONVERSION = YES;
				CLANG_WARN_NON_LITERAL_NULL_CONVERSION = YES;
				CLANG_WARN_OBJC_IMPLICIT_RETAIN_SELF = YES;
				CLANG_WARN_OBJC_LITERAL_CONVERSION = YES;
				CLANG_WARN_OBJC_ROOT_CLASS = YES_ERROR;
				CLANG_WARN_QUOTED_INCLUDE_IN_FRAMEWORK_HEADER = YES;
				CLANG_WARN_RANGE_LOOP_ANALYSIS = YES;
				CLANG_WARN_STRICT_PROTOTYPES = YES;
				CLANG_WARN_SUSPICIOUS_MOVE = YES;
				CLANG_WARN_UNGUARDED_AVAILABILITY = YES_AGGRESSIVE;
				CLANG_WARN_UNREACHABLE_CODE = YES;
				CLANG_WARN__DUPLICATE_METHOD_MATCH = YES;
				COPY_PHASE_STRIP = NO;
				DEBUG_INFORMATION_FORMAT = dwarf;
				ENABLE_STRICT_OBJC_MSGSEND = YES;
				ENABLE_TESTABILITY = YES;
				GCC_C_LANGUAGE_STANDARD = gnu11;
				GCC_DYNAMIC_NO_PIC = NO;
				GCC_NO_COMMON_BLOCKS = YES;
				GCC_OPTIMIZATION_LEVEL = 0;
				GCC_PREPROCESSOR_DEFINITIONS = (
					"DEBUG=1",
					"$(inherited)",
				);
				GCC_WARN_64_TO_32_BIT_CONVERSION = YES;
				GCC_WARN_ABOUT_RETURN_TYPE = YES_ERROR;
				GCC_WARN_UNDECLARED_SELECTOR = YES;
				GCC_WARN_UNINITIALIZED_AUTOS = YES_AGGRESSIVE;
				GCC_WARN_UNUSED_FUNCTION = YES;
				GCC_WARN_UNUSED_VARIABLE = YES;
				MTL_ENABLE_DEBUG_INFO = INCLUDE_SOURCE;
				MTL_FAST_MATH = YES;
				ONLY_ACTIVE_ARCH = YES;
				SWIFT_ACTIVE_COMPILATION_CONDITIONS = DEBUG;
				SWIFT_OPTIMIZATION_LEVEL = "-Onone";
			};
			name = Debug;
		};
		E7DBD7AB29251AE9007316F6 /* Release */ = {
			isa = XCBuildConfiguration;
			buildSettings = {
				ALWAYS_SEARCH_USER_PATHS = NO;
				CLANG_ANALYZER_NONNULL = YES;
				CLANG_ANALYZER_NUMBER_OBJECT_CONVERSION = YES_AGGRESSIVE;
				CLANG_CXX_LANGUAGE_STANDARD = "gnu++20";
				CLANG_ENABLE_MODULES = YES;
				CLANG_ENABLE_OBJC_ARC = YES;
				CLANG_ENABLE_OBJC_WEAK = YES;
				CLANG_WARN_BLOCK_CAPTURE_AUTORELEASING = YES;
				CLANG_WARN_BOOL_CONVERSION = YES;
				CLANG_WARN_COMMA = YES;
				CLANG_WARN_CONSTANT_CONVERSION = YES;
				CLANG_WARN_DEPRECATED_OBJC_IMPLEMENTATIONS = YES;
				CLANG_WARN_DIRECT_OBJC_ISA_USAGE = YES_ERROR;
				CLANG_WARN_DOCUMENTATION_COMMENTS = YES;
				CLANG_WARN_EMPTY_BODY = YES;
				CLANG_WARN_ENUM_CONVERSION = YES;
				CLANG_WARN_INFINITE_RECURSION = YES;
				CLANG_WARN_INT_CONVERSION = YES;
				CLANG_WARN_NON_LITERAL_NULL_CONVERSION = YES;
				CLANG_WARN_OBJC_IMPLICIT_RETAIN_SELF = YES;
				CLANG_WARN_OBJC_LITERAL_CONVERSION = YES;
				CLANG_WARN_OBJC_ROOT_CLASS = YES_ERROR;
				CLANG_WARN_QUOTED_INCLUDE_IN_FRAMEWORK_HEADER = YES;
				CLANG_WARN_RANGE_LOOP_ANALYSIS = YES;
				CLANG_WARN_STRICT_PROTOTYPES = YES;
				CLANG_WARN_SUSPICIOUS_MOVE = YES;
				CLANG_WARN_UNGUARDED_AVAILABILITY = YES_AGGRESSIVE;
				CLANG_WARN_UNREACHABLE_CODE = YES;
				CLANG_WARN__DUPLICATE_METHOD_MATCH = YES;
				COPY_PHASE_STRIP = NO;
				DEBUG_INFORMATION_FORMAT = "dwarf-with-dsym";
				ENABLE_NS_ASSERTIONS = NO;
				ENABLE_STRICT_OBJC_MSGSEND = YES;
				GCC_C_LANGUAGE_STANDARD = gnu11;
				GCC_NO_COMMON_BLOCKS = YES;
				GCC_WARN_64_TO_32_BIT_CONVERSION = YES;
				GCC_WARN_ABOUT_RETURN_TYPE = YES_ERROR;
				GCC_WARN_UNDECLARED_SELECTOR = YES;
				GCC_WARN_UNINITIALIZED_AUTOS = YES_AGGRESSIVE;
				GCC_WARN_UNUSED_FUNCTION = YES;
				GCC_WARN_UNUSED_VARIABLE = YES;
				MTL_ENABLE_DEBUG_INFO = NO;
				MTL_FAST_MATH = YES;
				SWIFT_COMPILATION_MODE = wholemodule;
				SWIFT_OPTIMIZATION_LEVEL = "-O";
			};
			name = Release;
		};
		E7DBD7AD29251AE9007316F6 /* Debug */ = {
			isa = XCBuildConfiguration;
			buildSettings = {
				ASSETCATALOG_COMPILER_APPICON_NAME = AppIcon;
				ASSETCATALOG_COMPILER_GLOBAL_ACCENT_COLOR_NAME = AccentColor;
				CODE_SIGN_ENTITLEMENTS = PagineBiancheRework/PagineBiancheRework.entitlements;
				CODE_SIGN_STYLE = Automatic;
				CURRENT_PROJECT_VERSION = 1;
				DEVELOPMENT_ASSET_PATHS = "\"PagineBiancheRework/Preview Content\"";
				DEVELOPMENT_TEAM = AW53X29GKN;
				ENABLE_HARDENED_RUNTIME = YES;
				ENABLE_PREVIEWS = YES;
				GENERATE_INFOPLIST_FILE = YES;
				"INFOPLIST_KEY_UIApplicationSceneManifest_Generation[sdk=iphoneos*]" = YES;
				"INFOPLIST_KEY_UIApplicationSceneManifest_Generation[sdk=iphonesimulator*]" = YES;
				"INFOPLIST_KEY_UIApplicationSupportsIndirectInputEvents[sdk=iphoneos*]" = YES;
				"INFOPLIST_KEY_UIApplicationSupportsIndirectInputEvents[sdk=iphonesimulator*]" = YES;
				"INFOPLIST_KEY_UILaunchScreen_Generation[sdk=iphoneos*]" = YES;
				"INFOPLIST_KEY_UILaunchScreen_Generation[sdk=iphonesimulator*]" = YES;
				"INFOPLIST_KEY_UIStatusBarStyle[sdk=iphoneos*]" = UIStatusBarStyleDefault;
				"INFOPLIST_KEY_UIStatusBarStyle[sdk=iphonesimulator*]" = UIStatusBarStyleDefault;
				INFOPLIST_KEY_UISupportedInterfaceOrientations_iPad = "UIInterfaceOrientationPortrait UIInterfaceOrientationPortraitUpsideDown UIInterfaceOrientationLandscapeLeft UIInterfaceOrientationLandscapeRight";
				INFOPLIST_KEY_UISupportedInterfaceOrientations_iPhone = "UIInterfaceOrientationPortrait UIInterfaceOrientationLandscapeLeft UIInterfaceOrientationLandscapeRight";
				IPHONEOS_DEPLOYMENT_TARGET = 16.0;
				LD_RUNPATH_SEARCH_PATHS = "@executable_path/Frameworks";
				"LD_RUNPATH_SEARCH_PATHS[sdk=macosx*]" = "@executable_path/../Frameworks";
				MACOSX_DEPLOYMENT_TARGET = 12.3;
				MARKETING_VERSION = 1.0;
				PRODUCT_BUNDLE_IDENTIFIER = com.peakycoders.PagineBiancheRework;
				PRODUCT_NAME = "$(TARGET_NAME)";
				SDKROOT = auto;
				SUPPORTED_PLATFORMS = "iphoneos iphonesimulator macosx";
				SWIFT_EMIT_LOC_STRINGS = YES;
				SWIFT_VERSION = 5.0;
				TARGETED_DEVICE_FAMILY = "1,2";
			};
			name = Debug;
		};
		E7DBD7AE29251AE9007316F6 /* Release */ = {
			isa = XCBuildConfiguration;
			buildSettings = {
				ASSETCATALOG_COMPILER_APPICON_NAME = AppIcon;
				ASSETCATALOG_COMPILER_GLOBAL_ACCENT_COLOR_NAME = AccentColor;
				CODE_SIGN_ENTITLEMENTS = PagineBiancheRework/PagineBiancheRework.entitlements;
				CODE_SIGN_STYLE = Automatic;
				CURRENT_PROJECT_VERSION = 1;
				DEVELOPMENT_ASSET_PATHS = "\"PagineBiancheRework/Preview Content\"";
				DEVELOPMENT_TEAM = AW53X29GKN;
				ENABLE_HARDENED_RUNTIME = YES;
				ENABLE_PREVIEWS = YES;
				GENERATE_INFOPLIST_FILE = YES;
				"INFOPLIST_KEY_UIApplicationSceneManifest_Generation[sdk=iphoneos*]" = YES;
				"INFOPLIST_KEY_UIApplicationSceneManifest_Generation[sdk=iphonesimulator*]" = YES;
				"INFOPLIST_KEY_UIApplicationSupportsIndirectInputEvents[sdk=iphoneos*]" = YES;
				"INFOPLIST_KEY_UIApplicationSupportsIndirectInputEvents[sdk=iphonesimulator*]" = YES;
				"INFOPLIST_KEY_UILaunchScreen_Generation[sdk=iphoneos*]" = YES;
				"INFOPLIST_KEY_UILaunchScreen_Generation[sdk=iphonesimulator*]" = YES;
				"INFOPLIST_KEY_UIStatusBarStyle[sdk=iphoneos*]" = UIStatusBarStyleDefault;
				"INFOPLIST_KEY_UIStatusBarStyle[sdk=iphonesimulator*]" = UIStatusBarStyleDefault;
				INFOPLIST_KEY_UISupportedInterfaceOrientations_iPad = "UIInterfaceOrientationPortrait UIInterfaceOrientationPortraitUpsideDown UIInterfaceOrientationLandscapeLeft UIInterfaceOrientationLandscapeRight";
				INFOPLIST_KEY_UISupportedInterfaceOrientations_iPhone = "UIInterfaceOrientationPortrait UIInterfaceOrientationLandscapeLeft UIInterfaceOrientationLandscapeRight";
				IPHONEOS_DEPLOYMENT_TARGET = 16.0;
				LD_RUNPATH_SEARCH_PATHS = "@executable_path/Frameworks";
				"LD_RUNPATH_SEARCH_PATHS[sdk=macosx*]" = "@executable_path/../Frameworks";
				MACOSX_DEPLOYMENT_TARGET = 12.3;
				MARKETING_VERSION = 1.0;
				PRODUCT_BUNDLE_IDENTIFIER = com.peakycoders.PagineBiancheRework;
				PRODUCT_NAME = "$(TARGET_NAME)";
				SDKROOT = auto;
				SUPPORTED_PLATFORMS = "iphoneos iphonesimulator macosx";
				SWIFT_EMIT_LOC_STRINGS = YES;
				SWIFT_VERSION = 5.0;
				TARGETED_DEVICE_FAMILY = "1,2";
			};
			name = Release;
		};
		E7DBD7B029251AE9007316F6 /* Debug */ = {
			isa = XCBuildConfiguration;
			buildSettings = {
				ALWAYS_EMBED_SWIFT_STANDARD_LIBRARIES = YES;
				BUNDLE_LOADER = "$(TEST_HOST)";
				CODE_SIGN_STYLE = Automatic;
				CURRENT_PROJECT_VERSION = 1;
				DEVELOPMENT_TEAM = AW53X29GKN;
				GENERATE_INFOPLIST_FILE = YES;
				IPHONEOS_DEPLOYMENT_TARGET = 16.0;
				MACOSX_DEPLOYMENT_TARGET = 12.3;
				MARKETING_VERSION = 1.0;
				PRODUCT_BUNDLE_IDENTIFIER = com.peakycoders.PagineBiancheReworkTests;
				PRODUCT_NAME = "$(TARGET_NAME)";
				SDKROOT = auto;
				SUPPORTED_PLATFORMS = "iphoneos iphonesimulator macosx";
				SWIFT_EMIT_LOC_STRINGS = NO;
				SWIFT_VERSION = 5.0;
				TARGETED_DEVICE_FAMILY = "1,2";
				TEST_HOST = "$(BUILT_PRODUCTS_DIR)/PagineBiancheRework.app/$(BUNDLE_EXECUTABLE_FOLDER_PATH)/PagineBiancheRework";
			};
			name = Debug;
		};
		E7DBD7B129251AE9007316F6 /* Release */ = {
			isa = XCBuildConfiguration;
			buildSettings = {
				ALWAYS_EMBED_SWIFT_STANDARD_LIBRARIES = YES;
				BUNDLE_LOADER = "$(TEST_HOST)";
				CODE_SIGN_STYLE = Automatic;
				CURRENT_PROJECT_VERSION = 1;
				DEVELOPMENT_TEAM = AW53X29GKN;
				GENERATE_INFOPLIST_FILE = YES;
				IPHONEOS_DEPLOYMENT_TARGET = 16.0;
				MACOSX_DEPLOYMENT_TARGET = 12.3;
				MARKETING_VERSION = 1.0;
				PRODUCT_BUNDLE_IDENTIFIER = com.peakycoders.PagineBiancheReworkTests;
				PRODUCT_NAME = "$(TARGET_NAME)";
				SDKROOT = auto;
				SUPPORTED_PLATFORMS = "iphoneos iphonesimulator macosx";
				SWIFT_EMIT_LOC_STRINGS = NO;
				SWIFT_VERSION = 5.0;
				TARGETED_DEVICE_FAMILY = "1,2";
				TEST_HOST = "$(BUILT_PRODUCTS_DIR)/PagineBiancheRework.app/$(BUNDLE_EXECUTABLE_FOLDER_PATH)/PagineBiancheRework";
			};
			name = Release;
		};
		E7DBD7B329251AE9007316F6 /* Debug */ = {
			isa = XCBuildConfiguration;
			buildSettings = {
				ALWAYS_EMBED_SWIFT_STANDARD_LIBRARIES = YES;
				CODE_SIGN_STYLE = Automatic;
				CURRENT_PROJECT_VERSION = 1;
				DEVELOPMENT_TEAM = AW53X29GKN;
				GENERATE_INFOPLIST_FILE = YES;
				IPHONEOS_DEPLOYMENT_TARGET = 16.0;
				MACOSX_DEPLOYMENT_TARGET = 12.3;
				MARKETING_VERSION = 1.0;
				PRODUCT_BUNDLE_IDENTIFIER = com.peakycoders.PagineBiancheReworkUITests;
				PRODUCT_NAME = "$(TARGET_NAME)";
				SDKROOT = auto;
				SUPPORTED_PLATFORMS = "iphoneos iphonesimulator macosx";
				SWIFT_EMIT_LOC_STRINGS = NO;
				SWIFT_VERSION = 5.0;
				TARGETED_DEVICE_FAMILY = "1,2";
				TEST_TARGET_NAME = PagineBiancheRework;
			};
			name = Debug;
		};
		E7DBD7B429251AE9007316F6 /* Release */ = {
			isa = XCBuildConfiguration;
			buildSettings = {
				ALWAYS_EMBED_SWIFT_STANDARD_LIBRARIES = YES;
				CODE_SIGN_STYLE = Automatic;
				CURRENT_PROJECT_VERSION = 1;
				DEVELOPMENT_TEAM = AW53X29GKN;
				GENERATE_INFOPLIST_FILE = YES;
				IPHONEOS_DEPLOYMENT_TARGET = 16.0;
				MACOSX_DEPLOYMENT_TARGET = 12.3;
				MARKETING_VERSION = 1.0;
				PRODUCT_BUNDLE_IDENTIFIER = com.peakycoders.PagineBiancheReworkUITests;
				PRODUCT_NAME = "$(TARGET_NAME)";
				SDKROOT = auto;
				SUPPORTED_PLATFORMS = "iphoneos iphonesimulator macosx";
				SWIFT_EMIT_LOC_STRINGS = NO;
				SWIFT_VERSION = 5.0;
				TARGETED_DEVICE_FAMILY = "1,2";
				TEST_TARGET_NAME = PagineBiancheRework;
			};
			name = Release;
		};
/* End XCBuildConfiguration section */

/* Begin XCConfigurationList section */
		E7DBD77D29251AE8007316F6 /* Build configuration list for PBXProject "PagineBiancheRework" */ = {
			isa = XCConfigurationList;
			buildConfigurations = (
				E7DBD7AA29251AE9007316F6 /* Debug */,
				E7DBD7AB29251AE9007316F6 /* Release */,
			);
			defaultConfigurationIsVisible = 0;
			defaultConfigurationName = Release;
		};
		E7DBD7AC29251AE9007316F6 /* Build configuration list for PBXNativeTarget "PagineBiancheRework" */ = {
			isa = XCConfigurationList;
			buildConfigurations = (
				E7DBD7AD29251AE9007316F6 /* Debug */,
				E7DBD7AE29251AE9007316F6 /* Release */,
			);
			defaultConfigurationIsVisible = 0;
			defaultConfigurationName = Release;
		};
		E7DBD7AF29251AE9007316F6 /* Build configuration list for PBXNativeTarget "PagineBiancheReworkTests" */ = {
			isa = XCConfigurationList;
			buildConfigurations = (
				E7DBD7B029251AE9007316F6 /* Debug */,
				E7DBD7B129251AE9007316F6 /* Release */,
			);
			defaultConfigurationIsVisible = 0;
			defaultConfigurationName = Release;
		};
		E7DBD7B229251AE9007316F6 /* Build configuration list for PBXNativeTarget "PagineBiancheReworkUITests" */ = {
			isa = XCConfigurationList;
			buildConfigurations = (
				E7DBD7B329251AE9007316F6 /* Debug */,
				E7DBD7B429251AE9007316F6 /* Release */,
			);
			defaultConfigurationIsVisible = 0;
			defaultConfigurationName = Release;
		};
/* End XCConfigurationList section */

/* Begin XCVersionGroup section */
		E7DBD78929251AE8007316F6 /* PagineBiancheRework.xcdatamodeld */ = {
			isa = XCVersionGroup;
			children = (
				E7DBD78A29251AE8007316F6 /* PagineBiancheRework.xcdatamodel */,
			);
			currentVersion = E7DBD78A29251AE8007316F6 /* PagineBiancheRework.xcdatamodel */;
			path = PagineBiancheRework.xcdatamodeld;
			sourceTree = "<group>";
			versionGroupType = wrapper.xcdatamodel;
		};
/* End XCVersionGroup section */
	};
	rootObject = E7DBD77A29251AE8007316F6 /* Project object */;
}
